
Microsoft Visual Studio Solution File, Format Version 12.00
# Visual Studio Version 17
VisualStudioVersion = 17.2.32516.85
MinimumVisualStudioVersion = 10.0.40219.1
Project("{9A19103F-16F7-4668-BE54-9A1E7A4F7556}") = "Lima.Web", "src\Lima.Web\Lima.Web.csproj", "{B29D894E-69C5-40C4-92FF-6FAF7F79934B}"
EndProject
Project("{2150E333-8FDC-42A3-9474-1A3956D46DE8}") = "Services", "Services", "{AFF96892-B9C7-4970-BFE2-7169CD02771C}"
EndProject
Project("{2150E333-8FDC-42A3-9474-1A3956D46DE8}") = "FrontEnd", "FrontEnd", "{832356E8-1BDA-4814-8A0B-8B63A671CB94}"
EndProject
Project("{9A19103F-16F7-4668-BE54-9A1E7A4F7556}") = "Lima.Services.ProductAPI", "src\Lima.Services.ProductAPI\Lima.Services.ProductAPI.csproj", "{8D8F60DC-2488-4DF3-9318-BEC4AA728BA4}"
EndProject
Project("{E53339B2-1760-4266-BCC7-CA923CBCF16C}") = "docker-compose", "docker-compose.dcproj", "{9A93A9EB-488B-42F6-9223-83A768834295}"
EndProject
Global
	GlobalSection(SolutionConfigurationPlatforms) = preSolution
		Debug|Any CPU = Debug|Any CPU
		Release|Any CPU = Release|Any CPU
	EndGlobalSection
	GlobalSection(ProjectConfigurationPlatforms) = postSolution
		{B29D894E-69C5-40C4-92FF-6FAF7F79934B}.Debug|Any CPU.ActiveCfg = Debug|Any CPU
		{B29D894E-69C5-40C4-92FF-6FAF7F79934B}.Debug|Any CPU.Build.0 = Debug|Any CPU
		{B29D894E-69C5-40C4-92FF-6FAF7F79934B}.Release|Any CPU.ActiveCfg = Release|Any CPU
		{B29D894E-69C5-40C4-92FF-6FAF7F79934B}.Release|Any CPU.Build.0 = Release|Any CPU
		{8D8F60DC-2488-4DF3-9318-BEC4AA728BA4}.Debug|Any CPU.ActiveCfg = Debug|Any CPU
		{8D8F60DC-2488-4DF3-9318-BEC4AA728BA4}.Debug|Any CPU.Build.0 = Debug|Any CPU
		{8D8F60DC-2488-4DF3-9318-BEC4AA728BA4}.Release|Any CPU.ActiveCfg = Release|Any CPU
		{8D8F60DC-2488-4DF3-9318-BEC4AA728BA4}.Release|Any CPU.Build.0 = Release|Any CPU
		{9A93A9EB-488B-42F6-9223-83A768834295}.Debug|Any CPU.ActiveCfg = Debug|Any CPU
		{9A93A9EB-488B-42F6-9223-83A768834295}.Debug|Any CPU.Build.0 = Debug|Any CPU
		{9A93A9EB-488B-42F6-9223-83A768834295}.Release|Any CPU.ActiveCfg = Release|Any CPU
		{9A93A9EB-488B-42F6-9223-83A768834295}.Release|Any CPU.Build.0 = Release|Any CPU
	EndGlobalSection
	GlobalSection(SolutionProperties) = preSolution
		HideSolutionNode = FALSE
	EndGlobalSection
	GlobalSection(NestedProjects) = preSolution
		{B29D894E-69C5-40C4-92FF-6FAF7F79934B} = {832356E8-1BDA-4814-8A0B-8B63A671CB94}
		{8D8F60DC-2488-4DF3-9318-BEC4AA728BA4} = {AFF96892-B9C7-4970-BFE2-7169CD02771C}
	EndGlobalSection
	GlobalSection(ExtensibilityGlobals) = postSolution
		SolutionGuid = {455A0C39-B90A-4D80-A9E2-21C8241C0D18}
	EndGlobalSection
EndGlobal
