
Microsoft Visual Studio Solution File, Format Version 12.00
# Visual Studio Version 17
VisualStudioVersion = 17.2.32516.85
MinimumVisualStudioVersion = 10.0.40219.1
Project("{FAE04EC0-301F-11D3-BF4B-00C04F79EFBC}") = "Lima.Web", "src\Lima.Web\Lima.Web.csproj", "{B29D894E-69C5-40C4-92FF-6FAF7F79934B}"
EndProject
Global
	GlobalSection(SolutionConfigurationPlatforms) = preSolution
		Debug|Any CPU = Debug|Any CPU
		Release|Any CPU = Release|Any CPU
	EndGlobalSection
	GlobalSection(ProjectConfigurationPlatforms) = postSolution
		{B29D894E-69C5-40C4-92FF-6FAF7F79934B}.Debug|Any CPU.ActiveCfg = Debug|Any CPU
		{B29D894E-69C5-40C4-92FF-6FAF7F79934B}.Debug|Any CPU.Build.0 = Debug|Any CPU
		{B29D894E-69C5-40C4-92FF-6FAF7F79934B}.Release|Any CPU.ActiveCfg = Release|Any CPU
		{B29D894E-69C5-40C4-92FF-6FAF7F79934B}.Release|Any CPU.Build.0 = Release|Any CPU
	EndGlobalSection
	GlobalSection(SolutionProperties) = preSolution
		HideSolutionNode = FALSE
	EndGlobalSection
	GlobalSection(ExtensibilityGlobals) = postSolution
		SolutionGuid = {455A0C39-B90A-4D80-A9E2-21C8241C0D18}
	EndGlobalSection
EndGlobal
